// !$*UTF8*$!
{
	archiveVersion = 1;
	classes = {
	};
	objectVersion = 77;
	objects = {

/* Begin PBXBuildFile section */
		16CD5AF92DE1CFCC006EE77F /* FirebaseAnalytics in Frameworks */ = {isa = PBXBuildFile; productRef = 16CD5AF82DE1CFCC006EE77F /* FirebaseAnalytics */; };
		16CD5B012DE1D5A2006EE77F /* GoogleService-Info.plist in Resources */ = {isa = PBXBuildFile; fileRef = 16CD5B002DE1D5A2006EE77F /* GoogleService-Info.plist */; };
		16CD5B022DE1D5A2006EE77F /* GoogleService-Info.plist in Resources */ = {isa = PBXBuildFile; fileRef = 16CD5B002DE1D5A2006EE77F /* GoogleService-Info.plist */; };
		16CD5B032DE1D5A2006EE77F /* GoogleService-Info.plist in Resources */ = {isa = PBXBuildFile; fileRef = 16CD5B002DE1D5A2006EE77F /* GoogleService-Info.plist */; };
		16CD5B192DE20A8C006EE77F /* FirebaseFirestore in Frameworks */ = {isa = PBXBuildFile; productRef = 16CD5B182DE20A8C006EE77F /* FirebaseFirestore */; };
		16CD5B1B2DE20C37006EE77F /* FirebaseFirestoreCombine-Community in Frameworks */ = {isa = PBXBuildFile; productRef = 16CD5B1A2DE20C37006EE77F /* FirebaseFirestoreCombine-Community */; };
/* End PBXBuildFile section */

/* Begin PBXContainerItemProxy section */
		16CD5ADB2DE1BC77006EE77F /* PBXContainerItemProxy */ = {
			isa = PBXContainerItemProxy;
			containerPortal = 16CD5AC42DE1BC75006EE77F /* Project object */;
			proxyType = 1;
			remoteGlobalIDString = 16CD5ACB2DE1BC75006EE77F;
			remoteInfo = BallApp;
		};
		16CD5AE52DE1BC77006EE77F /* PBXContainerItemProxy */ = {
			isa = PBXContainerItemProxy;
			containerPortal = 16CD5AC42DE1BC75006EE77F /* Project object */;
			proxyType = 1;
			remoteGlobalIDString = 16CD5ACB2DE1BC75006EE77F;
			remoteInfo = BallApp;
		};
/* End PBXContainerItemProxy section */

/* Begin PBXFileReference section */
		16CD5ACC2DE1BC75006EE77F /* BallApp.app */ = {isa = PBXFileReference; explicitFileType = wrapper.application; includeInIndex = 0; path = BallApp.app; sourceTree = BUILT_PRODUCTS_DIR; };
		16CD5ADA2DE1BC77006EE77F /* BallAppTests.xctest */ = {isa = PBXFileReference; explicitFileType = wrapper.cfbundle; includeInIndex = 0; path = BallAppTests.xctest; sourceTree = BUILT_PRODUCTS_DIR; };
		16CD5AE42DE1BC77006EE77F /* BallAppUITests.xctest */ = {isa = PBXFileReference; explicitFileType = wrapper.cfbundle; includeInIndex = 0; path = BallAppUITests.xctest; sourceTree = BUILT_PRODUCTS_DIR; };
		16CD5B002DE1D5A2006EE77F /* GoogleService-Info.plist */ = {isa = PBXFileReference; lastKnownFileType = text.plist.xml; path = "GoogleService-Info.plist"; sourceTree = "<group>"; };
/* End PBXFileReference section */

/* Begin PBXFileSystemSynchronizedRootGroup section */
		16CD5ACE2DE1BC75006EE77F /* BallApp */ = {
			isa = PBXFileSystemSynchronizedRootGroup;
			path = BallApp;
			sourceTree = "<group>";
		};
		16CD5ADD2DE1BC77006EE77F /* BallAppTests */ = {
			isa = PBXFileSystemSynchronizedRootGroup;
			path = BallAppTests;
			sourceTree = "<group>";
		};
		16CD5AE72DE1BC77006EE77F /* BallAppUITests */ = {
			isa = PBXFileSystemSynchronizedRootGroup;
			path = BallAppUITests;
			sourceTree = "<group>";
		};
/* End PBXFileSystemSynchronizedRootGroup section */

/* Begin PBXFrameworksBuildPhase section */
		16CD5AC92DE1BC75006EE77F /* Frameworks */ = {
			isa = PBXFrameworksBuildPhase;
			buildActionMask = 2147483647;
			files = (
				16CD5B1B2DE20C37006EE77F /* FirebaseFirestoreCombine-Community in Frameworks */,
				16CD5AF92DE1CFCC006EE77F /* FirebaseAnalytics in Frameworks */,
				16CD5B192DE20A8C006EE77F /* FirebaseFirestore in Frameworks */,
			);
			runOnlyForDeploymentPostprocessing = 0;
		};
		16CD5AD72DE1BC77006EE77F /* Frameworks */ = {
			isa = PBXFrameworksBuildPhase;
			buildActionMask = 2147483647;
			files = (
			);
			runOnlyForDeploymentPostprocessing = 0;
		};
		16CD5AE12DE1BC77006EE77F /* Frameworks */ = {
			isa = PBXFrameworksBuildPhase;
			buildActionMask = 2147483647;
			files = (
			);
			runOnlyForDeploymentPostprocessing = 0;
		};
/* End PBXFrameworksBuildPhase section */

/* Begin PBXGroup section */
		16CD5AC32DE1BC75006EE77F = {
			isa = PBXGroup;
			children = (
				16CD5B002DE1D5A2006EE77F /* GoogleService-Info.plist */,
				16CD5ACE2DE1BC75006EE77F /* BallApp */,
				16CD5ADD2DE1BC77006EE77F /* BallAppTests */,
				16CD5AE72DE1BC77006EE77F /* BallAppUITests */,
				16CD5B152DE20A3A006EE77F /* Frameworks */,
				16CD5ACD2DE1BC75006EE77F /* Products */,
			);
			sourceTree = "<group>";
		};
		16CD5ACD2DE1BC75006EE77F /* Products */ = {
			isa = PBXGroup;
			children = (
				16CD5ACC2DE1BC75006EE77F /* BallApp.app */,
				16CD5ADA2DE1BC77006EE77F /* BallAppTests.xctest */,
				16CD5AE42DE1BC77006EE77F /* BallAppUITests.xctest */,
			);
			name = Products;
			sourceTree = "<group>";
		};
		16CD5B152DE20A3A006EE77F /* Frameworks */ = {
			isa = PBXGroup;
			children = (
			);
			name = Frameworks;
			sourceTree = "<group>";
		};
/* End PBXGroup section */

/* Begin PBXNativeTarget section */
		16CD5ACB2DE1BC75006EE77F /* BallApp */ = {
			isa = PBXNativeTarget;
			buildConfigurationList = 16CD5AEE2DE1BC77006EE77F /* Build configuration list for PBXNativeTarget "BallApp" */;
			buildPhases = (
				16CD5AC82DE1BC75006EE77F /* Sources */,
				16CD5AC92DE1BC75006EE77F /* Frameworks */,
				16CD5ACA2DE1BC75006EE77F /* Resources */,
			);
			buildRules = (
			);
			dependencies = (
			);
			fileSystemSynchronizedGroups = (
				16CD5ACE2DE1BC75006EE77F /* BallApp */,
			);
			name = BallApp;
			packageProductDependencies = (
				16CD5AF82DE1CFCC006EE77F /* FirebaseAnalytics */,
				16CD5B182DE20A8C006EE77F /* FirebaseFirestore */,
				16CD5B1A2DE20C37006EE77F /* FirebaseFirestoreCombine-Community */,
			);
			productName = BallApp;
			productReference = 16CD5ACC2DE1BC75006EE77F /* BallApp.app */;
			productType = "com.apple.product-type.application";
		};
		16CD5AD92DE1BC77006EE77F /* BallAppTests */ = {
			isa = PBXNativeTarget;
			buildConfigurationList = 16CD5AF12DE1BC77006EE77F /* Build configuration list for PBXNativeTarget "BallAppTests" */;
			buildPhases = (
				16CD5AD62DE1BC77006EE77F /* Sources */,
				16CD5AD72DE1BC77006EE77F /* Frameworks */,
				16CD5AD82DE1BC77006EE77F /* Resources */,
			);
			buildRules = (
			);
			dependencies = (
				16CD5ADC2DE1BC77006EE77F /* PBXTargetDependency */,
			);
			fileSystemSynchronizedGroups = (
				16CD5ADD2DE1BC77006EE77F /* BallAppTests */,
			);
			name = BallAppTests;
			packageProductDependencies = (
			);
			productName = BallAppTests;
			productReference = 16CD5ADA2DE1BC77006EE77F /* BallAppTests.xctest */;
			productType = "com.apple.product-type.bundle.unit-test";
		};
		16CD5AE32DE1BC77006EE77F /* BallAppUITests */ = {
			isa = PBXNativeTarget;
			buildConfigurationList = 16CD5AF42DE1BC77006EE77F /* Build configuration list for PBXNativeTarget "BallAppUITests" */;
			buildPhases = (
				16CD5AE02DE1BC77006EE77F /* Sources */,
				16CD5AE12DE1BC77006EE77F /* Frameworks */,
				16CD5AE22DE1BC77006EE77F /* Resources */,
			);
			buildRules = (
			);
			dependencies = (
				16CD5AE62DE1BC77006EE77F /* PBXTargetDependency */,
			);
			fileSystemSynchronizedGroups = (
				16CD5AE72DE1BC77006EE77F /* BallAppUITests */,
			);
			name = BallAppUITests;
			packageProductDependencies = (
			);
			productName = BallAppUITests;
			productReference = 16CD5AE42DE1BC77006EE77F /* BallAppUITests.xctest */;
			productType = "com.apple.product-type.bundle.ui-testing";
		};
/* End PBXNativeTarget section */

/* Begin PBXProject section */
		16CD5AC42DE1BC75006EE77F /* Project object */ = {
			isa = PBXProject;
			attributes = {
				BuildIndependentTargetsInParallel = 1;
				LastSwiftUpdateCheck = 1630;
				LastUpgradeCheck = 1630;
				TargetAttributes = {
					16CD5ACB2DE1BC75006EE77F = {
						CreatedOnToolsVersion = 16.3;
					};
					16CD5AD92DE1BC77006EE77F = {
						CreatedOnToolsVersion = 16.3;
						TestTargetID = 16CD5ACB2DE1BC75006EE77F;
					};
					16CD5AE32DE1BC77006EE77F = {
						CreatedOnToolsVersion = 16.3;
						TestTargetID = 16CD5ACB2DE1BC75006EE77F;
					};
				};
			};
			buildConfigurationList = 16CD5AC72DE1BC75006EE77F /* Build configuration list for PBXProject "BallApp" */;
			developmentRegion = en;
			hasScannedForEncodings = 0;
			knownRegions = (
				en,
				Base,
			);
			mainGroup = 16CD5AC32DE1BC75006EE77F;
			minimizedProjectReferenceProxies = 1;
			packageReferences = (
				16CD5AF72DE1CFCC006EE77F /* XCRemoteSwiftPackageReference "firebase-ios-sdk" */,
			);
			preferredProjectObjectVersion = 77;
			productRefGroup = 16CD5ACD2DE1BC75006EE77F /* Products */;
			projectDirPath = "";
			projectRoot = "";
			targets = (
				16CD5ACB2DE1BC75006EE77F /* BallApp */,
				16CD5AD92DE1BC77006EE77F /* BallAppTests */,
				16CD5AE32DE1BC77006EE77F /* BallAppUITests */,
			);
		};
/* End PBXProject section */

/* Begin PBXResourcesBuildPhase section */
		16CD5ACA2DE1BC75006EE77F /* Resources */ = {
			isa = PBXResourcesBuildPhase;
			buildActionMask = 2147483647;
			files = (
				16CD5B022DE1D5A2006EE77F /* GoogleService-Info.plist in Resources */,
			);
			runOnlyForDeploymentPostprocessing = 0;
		};
		16CD5AD82DE1BC77006EE77F /* Resources */ = {
			isa = PBXResourcesBuildPhase;
			buildActionMask = 2147483647;
			files = (
				16CD5B012DE1D5A2006EE77F /* GoogleService-Info.plist in Resources */,
			);
			runOnlyForDeploymentPostprocessing = 0;
		};
		16CD5AE22DE1BC77006EE77F /* Resources */ = {
			isa = PBXResourcesBuildPhase;
			buildActionMask = 2147483647;
			files = (
				16CD5B032DE1D5A2006EE77F /* GoogleService-Info.plist in Resources */,
			);
			runOnlyForDeploymentPostprocessing = 0;
		};
/* End PBXResourcesBuildPhase section */

/* Begin PBXSourcesBuildPhase section */
		16CD5AC82DE1BC75006EE77F /* Sources */ = {
			isa = PBXSourcesBuildPhase;
			buildActionMask = 2147483647;
			files = (
			);
			runOnlyForDeploymentPostprocessing = 0;
		};
		16CD5AD62DE1BC77006EE77F /* Sources */ = {
			isa = PBXSourcesBuildPhase;
			buildActionMask = 2147483647;
			files = (
			);
			runOnlyForDeploymentPostprocessing = 0;
		};
		16CD5AE02DE1BC77006EE77F /* Sources */ = {
			isa = PBXSourcesBuildPhase;
			buildActionMask = 2147483647;
			files = (
			);
			runOnlyForDeploymentPostprocessing = 0;
		};
/* End PBXSourcesBuildPhase section */

/* Begin PBXTargetDependency section */
		16CD5ADC2DE1BC77006EE77F /* PBXTargetDependency */ = {
			isa = PBXTargetDependency;
			target = 16CD5ACB2DE1BC75006EE77F /* BallApp */;
			targetProxy = 16CD5ADB2DE1BC77006EE77F /* PBXContainerItemProxy */;
		};
		16CD5AE62DE1BC77006EE77F /* PBXTargetDependency */ = {
			isa = PBXTargetDependency;
			target = 16CD5ACB2DE1BC75006EE77F /* BallApp */;
			targetProxy = 16CD5AE52DE1BC77006EE77F /* PBXContainerItemProxy */;
		};
/* End PBXTargetDependency section */

/* Begin XCBuildConfiguration section */
		16CD5AEC2DE1BC77006EE77F /* Debug */ = {
			isa = XCBuildConfiguration;
			buildSettings = {
				ALWAYS_SEARCH_USER_PATHS = NO;
				ASSETCATALOG_COMPILER_GENERATE_SWIFT_ASSET_SYMBOL_EXTENSIONS = YES;
				CLANG_ANALYZER_NONNULL = YES;
				CLANG_ANALYZER_NUMBER_OBJECT_CONVERSION = YES_AGGRESSIVE;
				CLANG_CXX_LANGUAGE_STANDARD = "gnu++20";
				CLANG_ENABLE_MODULES = YES;
				CLANG_ENABLE_OBJC_ARC = YES;
				CLANG_ENABLE_OBJC_WEAK = YES;
				CLANG_WARN_BLOCK_CAPTURE_AUTORELEASING = YES;
				CLANG_WARN_BOOL_CONVERSION = YES;
				CLANG_WARN_COMMA = YES;
				CLANG_WARN_CONSTANT_CONVERSION = YES;
				CLANG_WARN_DEPRECATED_OBJC_IMPLEMENTATIONS = YES;
				CLANG_WARN_DIRECT_OBJC_ISA_USAGE = YES_ERROR;
				CLANG_WARN_DOCUMENTATION_COMMENTS = YES;
				CLANG_WARN_EMPTY_BODY = YES;
				CLANG_WARN_ENUM_CONVERSION = YES;
				CLANG_WARN_INFINITE_RECURSION = YES;
				CLANG_WARN_INT_CONVERSION = YES;
				CLANG_WARN_NON_LITERAL_NULL_CONVERSION = YES;
				CLANG_WARN_OBJC_IMPLICIT_RETAIN_SELF = YES;
				CLANG_WARN_OBJC_LITERAL_CONVERSION = YES;
				CLANG_WARN_OBJC_ROOT_CLASS = YES_ERROR;
				CLANG_WARN_QUOTED_INCLUDE_IN_FRAMEWORK_HEADER = YES;
				CLANG_WARN_RANGE_LOOP_ANALYSIS = YES;
				CLANG_WARN_STRICT_PROTOTYPES = YES;
				CLANG_WARN_SUSPICIOUS_MOVE = YES;
				CLANG_WARN_UNGUARDED_AVAILABILITY = YES_AGGRESSIVE;
				CLANG_WARN_UNREACHABLE_CODE = YES;
				CLANG_WARN__DUPLICATE_METHOD_MATCH = YES;
				COPY_PHASE_STRIP = NO;
				DEBUG_INFORMATION_FORMAT = dwarf;
				ENABLE_STRICT_OBJC_MSGSEND = YES;
				ENABLE_TESTABILITY = YES;
				ENABLE_USER_SCRIPT_SANDBOXING = YES;
				GCC_C_LANGUAGE_STANDARD = gnu17;
				GCC_DYNAMIC_NO_PIC = NO;
				GCC_NO_COMMON_BLOCKS = YES;
				GCC_OPTIMIZATION_LEVEL = 0;
				GCC_PREPROCESSOR_DEFINITIONS = (
					"DEBUG=1",
					"$(inherited)",
				);
				GCC_WARN_64_TO_32_BIT_CONVERSION = YES;
				GCC_WARN_ABOUT_RETURN_TYPE = YES_ERROR;
				GCC_WARN_UNDECLARED_SELECTOR = YES;
				GCC_WARN_UNINITIALIZED_AUTOS = YES_AGGRESSIVE;
				GCC_WARN_UNUSED_FUNCTION = YES;
				GCC_WARN_UNUSED_VARIABLE = YES;
				LOCALIZATION_PREFERS_STRING_CATALOGS = YES;
				MTL_ENABLE_DEBUG_INFO = INCLUDE_SOURCE;
				MTL_FAST_MATH = YES;
				ONLY_ACTIVE_ARCH = YES;
				SWIFT_ACTIVE_COMPILATION_CONDITIONS = "DEBUG $(inherited)";
				SWIFT_OPTIMIZATION_LEVEL = "-Onone";
			};
			name = Debug;
		};
		16CD5AED2DE1BC77006EE77F /* Release */ = {
			isa = XCBuildConfiguration;
			buildSettings = {
				ALWAYS_SEARCH_USER_PATHS = NO;
				ASSETCATALOG_COMPILER_GENERATE_SWIFT_ASSET_SYMBOL_EXTENSIONS = YES;
				CLANG_ANALYZER_NONNULL = YES;
				CLANG_ANALYZER_NUMBER_OBJECT_CONVERSION = YES_AGGRESSIVE;
				CLANG_CXX_LANGUAGE_STANDARD = "gnu++20";
				CLANG_ENABLE_MODULES = YES;
				CLANG_ENABLE_OBJC_ARC = YES;
				CLANG_ENABLE_OBJC_WEAK = YES;
				CLANG_WARN_BLOCK_CAPTURE_AUTORELEASING = YES;
				CLANG_WARN_BOOL_CONVERSION = YES;
				CLANG_WARN_COMMA = YES;
				CLANG_WARN_CONSTANT_CONVERSION = YES;
				CLANG_WARN_DEPRECATED_OBJC_IMPLEMENTATIONS = YES;
				CLANG_WARN_DIRECT_OBJC_ISA_USAGE = YES_ERROR;
				CLANG_WARN_DOCUMENTATION_COMMENTS = YES;
				CLANG_WARN_EMPTY_BODY = YES;
				CLANG_WARN_ENUM_CONVERSION = YES;
				CLANG_WARN_INFINITE_RECURSION = YES;
				CLANG_WARN_INT_CONVERSION = YES;
				CLANG_WARN_NON_LITERAL_NULL_CONVERSION = YES;
				CLANG_WARN_OBJC_IMPLICIT_RETAIN_SELF = YES;
				CLANG_WARN_OBJC_LITERAL_CONVERSION = YES;
				CLANG_WARN_OBJC_ROOT_CLASS = YES_ERROR;
				CLANG_WARN_QUOTED_INCLUDE_IN_FRAMEWORK_HEADER = YES;
				CLANG_WARN_RANGE_LOOP_ANALYSIS = YES;
				CLANG_WARN_STRICT_PROTOTYPES = YES;
				CLANG_WARN_SUSPICIOUS_MOVE = YES;
				CLANG_WARN_UNGUARDED_AVAILABILITY = YES_AGGRESSIVE;
				CLANG_WARN_UNREACHABLE_CODE = YES;
				CLANG_WARN__DUPLICATE_METHOD_MATCH = YES;
				COPY_PHASE_STRIP = NO;
				DEBUG_INFORMATION_FORMAT = "dwarf-with-dsym";
				ENABLE_NS_ASSERTIONS = NO;
				ENABLE_STRICT_OBJC_MSGSEND = YES;
				ENABLE_USER_SCRIPT_SANDBOXING = YES;
				GCC_C_LANGUAGE_STANDARD = gnu17;
				GCC_NO_COMMON_BLOCKS = YES;
				GCC_WARN_64_TO_32_BIT_CONVERSION = YES;
				GCC_WARN_ABOUT_RETURN_TYPE = YES_ERROR;
				GCC_WARN_UNDECLARED_SELECTOR = YES;
				GCC_WARN_UNINITIALIZED_AUTOS = YES_AGGRESSIVE;
				GCC_WARN_UNUSED_FUNCTION = YES;
				GCC_WARN_UNUSED_VARIABLE = YES;
				LOCALIZATION_PREFERS_STRING_CATALOGS = YES;
				MTL_ENABLE_DEBUG_INFO = NO;
				MTL_FAST_MATH = YES;
				SWIFT_COMPILATION_MODE = wholemodule;
			};
			name = Release;
		};
		16CD5AEF2DE1BC77006EE77F /* Debug */ = {
			isa = XCBuildConfiguration;
			buildSettings = {
				ASSETCATALOG_COMPILER_APPICON_NAME = AppIcon;
				ASSETCATALOG_COMPILER_GLOBAL_ACCENT_COLOR_NAME = AccentColor;
				CODE_SIGN_ENTITLEMENTS = BallApp/BallApp.entitlements;
				CODE_SIGN_STYLE = Automatic;
				CURRENT_PROJECT_VERSION = 1;
				ENABLE_PREVIEWS = YES;
				GENERATE_INFOPLIST_FILE = YES;
				"INFOPLIST_KEY_UIApplicationSceneManifest_Generation[sdk=iphoneos*]" = YES;
				"INFOPLIST_KEY_UIApplicationSceneManifest_Generation[sdk=iphonesimulator*]" = YES;
				"INFOPLIST_KEY_UIApplicationSupportsIndirectInputEvents[sdk=iphoneos*]" = YES;
				"INFOPLIST_KEY_UIApplicationSupportsIndirectInputEvents[sdk=iphonesimulator*]" = YES;
				"INFOPLIST_KEY_UILaunchScreen_Generation[sdk=iphoneos*]" = YES;
				"INFOPLIST_KEY_UILaunchScreen_Generation[sdk=iphonesimulator*]" = YES;
				"INFOPLIST_KEY_UIStatusBarStyle[sdk=iphoneos*]" = UIStatusBarStyleDefault;
				"INFOPLIST_KEY_UIStatusBarStyle[sdk=iphonesimulator*]" = UIStatusBarStyleDefault;
				INFOPLIST_KEY_UISupportedInterfaceOrientations_iPad = "UIInterfaceOrientationPortrait UIInterfaceOrientationPortraitUpsideDown UIInterfaceOrientationLandscapeLeft UIInterfaceOrientationLandscapeRight";
				INFOPLIST_KEY_UISupportedInterfaceOrientations_iPhone = "UIInterfaceOrientationPortrait UIInterfaceOrientationLandscapeLeft UIInterfaceOrientationLandscapeRight";
				IPHONEOS_DEPLOYMENT_TARGET = 18.4;
				LD_RUNPATH_SEARCH_PATHS = "@executable_path/Frameworks";
				"LD_RUNPATH_SEARCH_PATHS[sdk=macosx*]" = "@executable_path/../Frameworks";
				MACOSX_DEPLOYMENT_TARGET = 15.4;
				MARKETING_VERSION = 1.0;
				PRODUCT_BUNDLE_IDENTIFIER = com.demo.BallApp;
				PRODUCT_NAME = "$(TARGET_NAME)";
				REGISTER_APP_GROUPS = YES;
				SDKROOT = auto;
				SUPPORTED_PLATFORMS = "iphoneos iphonesimulator";
				SUPPORTS_MACCATALYST = NO;
				SWIFT_EMIT_LOC_STRINGS = YES;
				SWIFT_VERSION = 5.0;
				TARGETED_DEVICE_FAMILY = 1;
				XROS_DEPLOYMENT_TARGET = 2.4;
			};
			name = Debug;
		};
		16CD5AF02DE1BC77006EE77F /* Release */ = {
			isa = XCBuildConfiguration;
			buildSettings = {
				ASSETCATALOG_COMPILER_APPICON_NAME = AppIcon;
				ASSETCATALOG_COMPILER_GLOBAL_ACCENT_COLOR_NAME = AccentColor;
				CODE_SIGN_ENTITLEMENTS = BallApp/BallApp.entitlements;
				CODE_SIGN_STYLE = Automatic;
				CURRENT_PROJECT_VERSION = 1;
				ENABLE_PREVIEWS = YES;
				GENERATE_INFOPLIST_FILE = YES;
				"INFOPLIST_KEY_UIApplicationSceneManifest_Generation[sdk=iphoneos*]" = YES;
				"INFOPLIST_KEY_UIApplicationSceneManifest_Generation[sdk=iphonesimulator*]" = YES;
				"INFOPLIST_KEY_UIApplicationSupportsIndirectInputEvents[sdk=iphoneos*]" = YES;
				"INFOPLIST_KEY_UIApplicationSupportsIndirectInputEvents[sdk=iphonesimulator*]" = YES;
				"INFOPLIST_KEY_UILaunchScreen_Generation[sdk=iphoneos*]" = YES;
				"INFOPLIST_KEY_UILaunchScreen_Generation[sdk=iphonesimulator*]" = YES;
				"INFOPLIST_KEY_UIStatusBarStyle[sdk=iphoneos*]" = UIStatusBarStyleDefault;
				"INFOPLIST_KEY_UIStatusBarStyle[sdk=iphonesimulator*]" = UIStatusBarStyleDefault;
				INFOPLIST_KEY_UISupportedInterfaceOrientations_iPad = "UIInterfaceOrientationPortrait UIInterfaceOrientationPortraitUpsideDown UIInterfaceOrientationLandscapeLeft UIInterfaceOrientationLandscapeRight";
				INFOPLIST_KEY_UISupportedInterfaceOrientations_iPhone = "UIInterfaceOrientationPortrait UIInterfaceOrientationLandscapeLeft UIInterfaceOrientationLandscapeRight";
				IPHONEOS_DEPLOYMENT_TARGET = 18.4;
				LD_RUNPATH_SEARCH_PATHS = "@executable_path/Frameworks";
				"LD_RUNPATH_SEARCH_PATHS[sdk=macosx*]" = "@executable_path/../Frameworks";
				MACOSX_DEPLOYMENT_TARGET = 15.4;
				MARKETING_VERSION = 1.0;
				PRODUCT_BUNDLE_IDENTIFIER = com.demo.BallApp;
				PRODUCT_NAME = "$(TARGET_NAME)";
				REGISTER_APP_GROUPS = YES;
				SDKROOT = auto;
				SUPPORTED_PLATFORMS = "iphoneos iphonesimulator";
				SUPPORTS_MACCATALYST = NO;
				SWIFT_EMIT_LOC_STRINGS = YES;
				SWIFT_VERSION = 5.0;
				TARGETED_DEVICE_FAMILY = 1;
				XROS_DEPLOYMENT_TARGET = 2.4;
			};
			name = Release;
		};
		16CD5AF22DE1BC77006EE77F /* Debug */ = {
			isa = XCBuildConfiguration;
			buildSettings = {
				BUNDLE_LOADER = "$(TEST_HOST)";
				CODE_SIGN_STYLE = Automatic;
				CURRENT_PROJECT_VERSION = 1;
				GENERATE_INFOPLIST_FILE = YES;
				IPHONEOS_DEPLOYMENT_TARGET = 18.4;
				MACOSX_DEPLOYMENT_TARGET = 15.4;
				MARKETING_VERSION = 1.0;
				PRODUCT_BUNDLE_IDENTIFIER = com.demo.BallAppTests;
				PRODUCT_NAME = "$(TARGET_NAME)";
				SDKROOT = auto;
				SUPPORTED_PLATFORMS = "iphoneos iphonesimulator macosx xros xrsimulator";
				SWIFT_EMIT_LOC_STRINGS = NO;
				SWIFT_VERSION = 5.0;
				TARGETED_DEVICE_FAMILY = "1,2,7";
				TEST_HOST = "$(BUILT_PRODUCTS_DIR)/BallApp.app/$(BUNDLE_EXECUTABLE_FOLDER_PATH)/BallApp";
				XROS_DEPLOYMENT_TARGET = 2.4;
			};
			name = Debug;
		};
		16CD5AF32DE1BC77006EE77F /* Release */ = {
			isa = XCBuildConfiguration;
			buildSettings = {
				BUNDLE_LOADER = "$(TEST_HOST)";
				CODE_SIGN_STYLE = Automatic;
				CURRENT_PROJECT_VERSION = 1;
				GENERATE_INFOPLIST_FILE = YES;
				IPHONEOS_DEPLOYMENT_TARGET = 18.4;
				MACOSX_DEPLOYMENT_TARGET = 15.4;
				MARKETING_VERSION = 1.0;
				PRODUCT_BUNDLE_IDENTIFIER = com.demo.BallAppTests;
				PRODUCT_NAME = "$(TARGET_NAME)";
				SDKROOT = auto;
				SUPPORTED_PLATFORMS = "iphoneos iphonesimulator macosx xros xrsimulator";
				SWIFT_EMIT_LOC_STRINGS = NO;
				SWIFT_VERSION = 5.0;
				TARGETED_DEVICE_FAMILY = "1,2,7";
				TEST_HOST = "$(BUILT_PRODUCTS_DIR)/BallApp.app/$(BUNDLE_EXECUTABLE_FOLDER_PATH)/BallApp";
				XROS_DEPLOYMENT_TARGET = 2.4;
			};
			name = Release;
		};
		16CD5AF52DE1BC77006EE77F /* Debug */ = {
			isa = XCBuildConfiguration;
			buildSettings = {
				CODE_SIGN_STYLE = Automatic;
				CURRENT_PROJECT_VERSION = 1;
				GENERATE_INFOPLIST_FILE = YES;
				IPHONEOS_DEPLOYMENT_TARGET = 18.4;
				MACOSX_DEPLOYMENT_TARGET = 15.4;
				MARKETING_VERSION = 1.0;
				PRODUCT_BUNDLE_IDENTIFIER = com.demo.BallAppUITests;
				PRODUCT_NAME = "$(TARGET_NAME)";
				SDKROOT = auto;
				SUPPORTED_PLATFORMS = "iphoneos iphonesimulator macosx xros xrsimulator";
				SWIFT_EMIT_LOC_STRINGS = NO;
				SWIFT_VERSION = 5.0;
				TARGETED_DEVICE_FAMILY = "1,2,7";
				TEST_TARGET_NAME = BallApp;
				XROS_DEPLOYMENT_TARGET = 2.4;
			};
			name = Debug;
		};
		16CD5AF62DE1BC77006EE77F /* Release */ = {
			isa = XCBuildConfiguration;
			buildSettings = {
				CODE_SIGN_STYLE = Automatic;
				CURRENT_PROJECT_VERSION = 1;
				GENERATE_INFOPLIST_FILE = YES;
				IPHONEOS_DEPLOYMENT_TARGET = 18.4;
				MACOSX_DEPLOYMENT_TARGET = 15.4;
				MARKETING_VERSION = 1.0;
				PRODUCT_BUNDLE_IDENTIFIER = com.demo.BallAppUITests;
				PRODUCT_NAME = "$(TARGET_NAME)";
				SDKROOT = auto;
				SUPPORTED_PLATFORMS = "iphoneos iphonesimulator macosx xros xrsimulator";
				SWIFT_EMIT_LOC_STRINGS = NO;
				SWIFT_VERSION = 5.0;
				TARGETED_DEVICE_FAMILY = "1,2,7";
				TEST_TARGET_NAME = BallApp;
				XROS_DEPLOYMENT_TARGET = 2.4;
			};
			name = Release;
		};
/* End XCBuildConfiguration section */

/* Begin XCConfigurationList section */
		16CD5AC72DE1BC75006EE77F /* Build configuration list for PBXProject "BallApp" */ = {
			isa = XCConfigurationList;
			buildConfigurations = (
				16CD5AEC2DE1BC77006EE77F /* Debug */,
				16CD5AED2DE1BC77006EE77F /* Release */,
			);
			defaultConfigurationIsVisible = 0;
			defaultConfigurationName = Release;
		};
		16CD5AEE2DE1BC77006EE77F /* Build configuration list for PBXNativeTarget "BallApp" */ = {
			isa = XCConfigurationList;
			buildConfigurations = (
				16CD5AEF2DE1BC77006EE77F /* Debug */,
				16CD5AF02DE1BC77006EE77F /* Release */,
			);
			defaultConfigurationIsVisible = 0;
			defaultConfigurationName = Release;
		};
		16CD5AF12DE1BC77006EE77F /* Build configuration list for PBXNativeTarget "BallAppTests" */ = {
			isa = XCConfigurationList;
			buildConfigurations = (
				16CD5AF22DE1BC77006EE77F /* Debug */,
				16CD5AF32DE1BC77006EE77F /* Release */,
			);
			defaultConfigurationIsVisible = 0;
			defaultConfigurationName = Release;
		};
		16CD5AF42DE1BC77006EE77F /* Build configuration list for PBXNativeTarget "BallAppUITests" */ = {
			isa = XCConfigurationList;
			buildConfigurations = (
				16CD5AF52DE1BC77006EE77F /* Debug */,
				16CD5AF62DE1BC77006EE77F /* Release */,
			);
			defaultConfigurationIsVisible = 0;
			defaultConfigurationName = Release;
		};
/* End XCConfigurationList section */

/* Begin XCRemoteSwiftPackageReference section */
		16CD5AF72DE1CFCC006EE77F /* XCRemoteSwiftPackageReference "firebase-ios-sdk" */ = {
			isa = XCRemoteSwiftPackageReference;
			repositoryURL = "https://github.com/firebase/firebase-ios-sdk";
			requirement = {
				kind = upToNextMajorVersion;
				minimumVersion = 11.13.0;
			};
		};
/* End XCRemoteSwiftPackageReference section */

/* Begin XCSwiftPackageProductDependency section */
		16CD5AF82DE1CFCC006EE77F /* FirebaseAnalytics */ = {
			isa = XCSwiftPackageProductDependency;
			package = 16CD5AF72DE1CFCC006EE77F /* XCRemoteSwiftPackageReference "firebase-ios-sdk" */;
			productName = FirebaseAnalytics;
		};
		16CD5B182DE20A8C006EE77F /* FirebaseFirestore */ = {
			isa = XCSwiftPackageProductDependency;
			package = 16CD5AF72DE1CFCC006EE77F /* XCRemoteSwiftPackageReference "firebase-ios-sdk" */;
			productName = FirebaseFirestore;
		};
		16CD5B1A2DE20C37006EE77F /* FirebaseFirestoreCombine-Community */ = {
			isa = XCSwiftPackageProductDependency;
			package = 16CD5AF72DE1CFCC006EE77F /* XCRemoteSwiftPackageReference "firebase-ios-sdk" */;
			productName = "FirebaseFirestoreCombine-Community";
		};
/* End XCSwiftPackageProductDependency section */
	};
	rootObject = 16CD5AC42DE1BC75006EE77F /* Project object */;
}
